
Microsoft Visual Studio Solution File, Format Version 12.00
# Visual Studio 15
VisualStudioVersion = 15.0.28307.421
MinimumVisualStudioVersion = 10.0.40219.1
Project("{FAE04EC0-301F-11D3-BF4B-00C04F79EFBC}") = "lab_08", "lab_08\lab_08.csproj", "{17B50174-923B-4BBA-A29E-679738C14EB4}"
EndProject
Global
	GlobalSection(SolutionConfigurationPlatforms) = preSolution
		Debug|Any CPU = Debug|Any CPU
		Release|Any CPU = Release|Any CPU
	EndGlobalSection
	GlobalSection(ProjectConfigurationPlatforms) = postSolution
		{17B50174-923B-4BBA-A29E-679738C14EB4}.Debug|Any CPU.ActiveCfg = Debug|Any CPU
		{17B50174-923B-4BBA-A29E-679738C14EB4}.Debug|Any CPU.Build.0 = Debug|Any CPU
		{17B50174-923B-4BBA-A29E-679738C14EB4}.Release|Any CPU.ActiveCfg = Release|Any CPU
		{17B50174-923B-4BBA-A29E-679738C14EB4}.Release|Any CPU.Build.0 = Release|Any CPU
	EndGlobalSection
	GlobalSection(SolutionProperties) = preSolution
		HideSolutionNode = FALSE
	EndGlobalSection
	GlobalSection(ExtensibilityGlobals) = postSolution
		SolutionGuid = {CD45E899-231E-4E54-B549-78E3868C7BFB}
	EndGlobalSection
EndGlobal
