
Microsoft Visual Studio Solution File, Format Version 12.00
# Visual Studio 15
VisualStudioVersion = 15.0.28307.421
MinimumVisualStudioVersion = 10.0.40219.1
Project("{FAE04EC0-301F-11D3-BF4B-00C04F79EFBC}") = "lab_07", "lab_07\lab_07.csproj", "{AEA4FAF1-32C1-4BD7-88BA-30A0D02DDB2A}"
EndProject
Global
	GlobalSection(SolutionConfigurationPlatforms) = preSolution
		Debug|Any CPU = Debug|Any CPU
		Release|Any CPU = Release|Any CPU
	EndGlobalSection
	GlobalSection(ProjectConfigurationPlatforms) = postSolution
		{AEA4FAF1-32C1-4BD7-88BA-30A0D02DDB2A}.Debug|Any CPU.ActiveCfg = Debug|Any CPU
		{AEA4FAF1-32C1-4BD7-88BA-30A0D02DDB2A}.Debug|Any CPU.Build.0 = Debug|Any CPU
		{AEA4FAF1-32C1-4BD7-88BA-30A0D02DDB2A}.Release|Any CPU.ActiveCfg = Release|Any CPU
		{AEA4FAF1-32C1-4BD7-88BA-30A0D02DDB2A}.Release|Any CPU.Build.0 = Release|Any CPU
	EndGlobalSection
	GlobalSection(SolutionProperties) = preSolution
		HideSolutionNode = FALSE
	EndGlobalSection
	GlobalSection(ExtensibilityGlobals) = postSolution
		SolutionGuid = {9F96CD64-539A-466D-BE6D-A2C41534FB75}
	EndGlobalSection
EndGlobal
