
Microsoft Visual Studio Solution File, Format Version 12.00
# Visual Studio 15
VisualStudioVersion = 15.0.28307.421
MinimumVisualStudioVersion = 10.0.40219.1
Project("{FAE04EC0-301F-11D3-BF4B-00C04F79EFBC}") = "lab_02", "KG_LABA2\lab_02.csproj", "{DD614D43-5B66-404D-9171-74128332859A}"
EndProject
Global
	GlobalSection(SolutionConfigurationPlatforms) = preSolution
		Debug|Any CPU = Debug|Any CPU
		Release|Any CPU = Release|Any CPU
	EndGlobalSection
	GlobalSection(ProjectConfigurationPlatforms) = postSolution
		{DD614D43-5B66-404D-9171-74128332859A}.Debug|Any CPU.ActiveCfg = Debug|Any CPU
		{DD614D43-5B66-404D-9171-74128332859A}.Debug|Any CPU.Build.0 = Debug|Any CPU
		{DD614D43-5B66-404D-9171-74128332859A}.Release|Any CPU.ActiveCfg = Release|Any CPU
		{DD614D43-5B66-404D-9171-74128332859A}.Release|Any CPU.Build.0 = Release|Any CPU
	EndGlobalSection
	GlobalSection(SolutionProperties) = preSolution
		HideSolutionNode = FALSE
	EndGlobalSection
	GlobalSection(ExtensibilityGlobals) = postSolution
		SolutionGuid = {3395B5C0-8FCC-48DE-9B41-E5AC1ED34BF3}
	EndGlobalSection
EndGlobal
