
Microsoft Visual Studio Solution File, Format Version 12.00
# Visual Studio 15
VisualStudioVersion = 15.0.28307.421
MinimumVisualStudioVersion = 10.0.40219.1
Project("{FAE04EC0-301F-11D3-BF4B-00C04F79EFBC}") = "lab_06", "lab_06\lab_06.csproj", "{FF868D59-8964-40F6-89C0-7C781FB15006}"
EndProject
Global
	GlobalSection(SolutionConfigurationPlatforms) = preSolution
		Debug|Any CPU = Debug|Any CPU
		Release|Any CPU = Release|Any CPU
	EndGlobalSection
	GlobalSection(ProjectConfigurationPlatforms) = postSolution
		{FF868D59-8964-40F6-89C0-7C781FB15006}.Debug|Any CPU.ActiveCfg = Debug|Any CPU
		{FF868D59-8964-40F6-89C0-7C781FB15006}.Debug|Any CPU.Build.0 = Debug|Any CPU
		{FF868D59-8964-40F6-89C0-7C781FB15006}.Release|Any CPU.ActiveCfg = Release|Any CPU
		{FF868D59-8964-40F6-89C0-7C781FB15006}.Release|Any CPU.Build.0 = Release|Any CPU
	EndGlobalSection
	GlobalSection(SolutionProperties) = preSolution
		HideSolutionNode = FALSE
	EndGlobalSection
	GlobalSection(ExtensibilityGlobals) = postSolution
		SolutionGuid = {69249DCC-414A-4139-A8FA-2BF94877A9E6}
	EndGlobalSection
EndGlobal
