
Microsoft Visual Studio Solution File, Format Version 12.00
# Visual Studio 15
VisualStudioVersion = 15.0.28307.421
MinimumVisualStudioVersion = 10.0.40219.1
Project("{FAE04EC0-301F-11D3-BF4B-00C04F79EFBC}") = "lab_01", "lab_01\lab_01.csproj", "{E20E3CD1-3A17-4D78-A0CF-3C6D19703047}"
EndProject
Global
	GlobalSection(SolutionConfigurationPlatforms) = preSolution
		Debug|Any CPU = Debug|Any CPU
		Release|Any CPU = Release|Any CPU
	EndGlobalSection
	GlobalSection(ProjectConfigurationPlatforms) = postSolution
		{E20E3CD1-3A17-4D78-A0CF-3C6D19703047}.Debug|Any CPU.ActiveCfg = Debug|Any CPU
		{E20E3CD1-3A17-4D78-A0CF-3C6D19703047}.Debug|Any CPU.Build.0 = Debug|Any CPU
		{E20E3CD1-3A17-4D78-A0CF-3C6D19703047}.Release|Any CPU.ActiveCfg = Release|Any CPU
		{E20E3CD1-3A17-4D78-A0CF-3C6D19703047}.Release|Any CPU.Build.0 = Release|Any CPU
	EndGlobalSection
	GlobalSection(SolutionProperties) = preSolution
		HideSolutionNode = FALSE
	EndGlobalSection
	GlobalSection(ExtensibilityGlobals) = postSolution
		SolutionGuid = {7233DE75-6152-4465-A52B-A4E0719E790D}
	EndGlobalSection
EndGlobal
