
Microsoft Visual Studio Solution File, Format Version 12.00
# Visual Studio 15
VisualStudioVersion = 15.0.28307.421
MinimumVisualStudioVersion = 10.0.40219.1
Project("{FAE04EC0-301F-11D3-BF4B-00C04F79EFBC}") = "lab_04", "lab_04\lab_04.csproj", "{CBAC077C-9973-4B00-A343-92C64D7C63CD}"
EndProject
Global
	GlobalSection(SolutionConfigurationPlatforms) = preSolution
		Debug|Any CPU = Debug|Any CPU
		Release|Any CPU = Release|Any CPU
	EndGlobalSection
	GlobalSection(ProjectConfigurationPlatforms) = postSolution
		{CBAC077C-9973-4B00-A343-92C64D7C63CD}.Debug|Any CPU.ActiveCfg = Debug|Any CPU
		{CBAC077C-9973-4B00-A343-92C64D7C63CD}.Debug|Any CPU.Build.0 = Debug|Any CPU
		{CBAC077C-9973-4B00-A343-92C64D7C63CD}.Release|Any CPU.ActiveCfg = Release|Any CPU
		{CBAC077C-9973-4B00-A343-92C64D7C63CD}.Release|Any CPU.Build.0 = Release|Any CPU
	EndGlobalSection
	GlobalSection(SolutionProperties) = preSolution
		HideSolutionNode = FALSE
	EndGlobalSection
	GlobalSection(ExtensibilityGlobals) = postSolution
		SolutionGuid = {9F48F7DC-8FB4-47A7-8BA2-33F7C987EEC5}
	EndGlobalSection
EndGlobal
